
Microsoft Visual Studio Solution File, Format Version 12.00
# Visual Studio Version 16
VisualStudioVersion = 16.0.29920.165
MinimumVisualStudioVersion = 10.0.40219.1
Project("{9A19103F-16F7-4668-BE54-9A1E7A4F7556}") = "projectNavision", "projectNavision\projectNavision.csproj", "{D73562BE-201F-4CD5-8E4F-0D268E051E1D}"
EndProject
Project("{FAE04EC0-301F-11D3-BF4B-00C04F79EFBC}") = "XaBarcodeScannerProject.Android", "XaBarcodeScannerProject\XaBarcodeScannerProject.Android\XaBarcodeScannerProject.Android.csproj", "{1DB8E982-626A-4C26-9E0B-CB2614027AE5}"
EndProject
Project("{9A19103F-16F7-4668-BE54-9A1E7A4F7556}") = "XaBarcodeScannerProject", "XaBarcodeScannerProject\XaBarcodeScannerProject\XaBarcodeScannerProject.csproj", "{D33D65AF-4336-439D-B560-119302A3F620}"
EndProject
Project("{FAE04EC0-301F-11D3-BF4B-00C04F79EFBC}") = "NavisionBackend", "NavisionBackend\NavisionBackend.csproj", "{241B6057-7A1D-4F2D-B1BB-08FB74B78D3F}"
EndProject
Global
	GlobalSection(SolutionConfigurationPlatforms) = preSolution
		Debug|Any CPU = Debug|Any CPU
		Release|Any CPU = Release|Any CPU
	EndGlobalSection
	GlobalSection(ProjectConfigurationPlatforms) = postSolution
		{D73562BE-201F-4CD5-8E4F-0D268E051E1D}.Debug|Any CPU.ActiveCfg = Debug|Any CPU
		{D73562BE-201F-4CD5-8E4F-0D268E051E1D}.Debug|Any CPU.Build.0 = Debug|Any CPU
		{D73562BE-201F-4CD5-8E4F-0D268E051E1D}.Release|Any CPU.ActiveCfg = Release|Any CPU
		{D73562BE-201F-4CD5-8E4F-0D268E051E1D}.Release|Any CPU.Build.0 = Release|Any CPU
		{1DB8E982-626A-4C26-9E0B-CB2614027AE5}.Debug|Any CPU.ActiveCfg = Debug|Any CPU
		{1DB8E982-626A-4C26-9E0B-CB2614027AE5}.Debug|Any CPU.Build.0 = Debug|Any CPU
		{1DB8E982-626A-4C26-9E0B-CB2614027AE5}.Debug|Any CPU.Deploy.0 = Debug|Any CPU
		{1DB8E982-626A-4C26-9E0B-CB2614027AE5}.Release|Any CPU.ActiveCfg = Release|Any CPU
		{1DB8E982-626A-4C26-9E0B-CB2614027AE5}.Release|Any CPU.Build.0 = Release|Any CPU
		{1DB8E982-626A-4C26-9E0B-CB2614027AE5}.Release|Any CPU.Deploy.0 = Release|Any CPU
		{D33D65AF-4336-439D-B560-119302A3F620}.Debug|Any CPU.ActiveCfg = Debug|Any CPU
		{D33D65AF-4336-439D-B560-119302A3F620}.Debug|Any CPU.Build.0 = Debug|Any CPU
		{D33D65AF-4336-439D-B560-119302A3F620}.Release|Any CPU.ActiveCfg = Release|Any CPU
		{D33D65AF-4336-439D-B560-119302A3F620}.Release|Any CPU.Build.0 = Release|Any CPU
		{241B6057-7A1D-4F2D-B1BB-08FB74B78D3F}.Debug|Any CPU.ActiveCfg = Debug|Any CPU
		{241B6057-7A1D-4F2D-B1BB-08FB74B78D3F}.Debug|Any CPU.Build.0 = Debug|Any CPU
		{241B6057-7A1D-4F2D-B1BB-08FB74B78D3F}.Release|Any CPU.ActiveCfg = Release|Any CPU
		{241B6057-7A1D-4F2D-B1BB-08FB74B78D3F}.Release|Any CPU.Build.0 = Release|Any CPU
	EndGlobalSection
	GlobalSection(SolutionProperties) = preSolution
		HideSolutionNode = FALSE
	EndGlobalSection
	GlobalSection(ExtensibilityGlobals) = postSolution
		SolutionGuid = {AECA3854-1B3F-4871-9BC0-B22EF34BCD68}
	EndGlobalSection
EndGlobal
